
Microsoft Visual Studio Solution File, Format Version 12.00
# Visual Studio Version 17
VisualStudioVersion = 17.14.36212.18 d17.14
MinimumVisualStudioVersion = 10.0.40219.1
Project("{FAE04EC0-301F-11D3-BF4B-00C04F79EFBC}") = "XPE.Desafio.Final5.API", "XPE.Desafio.Final5.API.csproj", "{7251D441-F95B-4ADD-9DB5-9F46AD75F1F9}"
EndProject
Global
	GlobalSection(SolutionConfigurationPlatforms) = preSolution
		Debug|Any CPU = Debug|Any CPU
		Release|Any CPU = Release|Any CPU
	EndGlobalSection
	GlobalSection(ProjectConfigurationPlatforms) = postSolution
		{7251D441-F95B-4ADD-9DB5-9F46AD75F1F9}.Debug|Any CPU.ActiveCfg = Debug|Any CPU
		{7251D441-F95B-4ADD-9DB5-9F46AD75F1F9}.Debug|Any CPU.Build.0 = Debug|Any CPU
		{7251D441-F95B-4ADD-9DB5-9F46AD75F1F9}.Release|Any CPU.ActiveCfg = Release|Any CPU
		{7251D441-F95B-4ADD-9DB5-9F46AD75F1F9}.Release|Any CPU.Build.0 = Release|Any CPU
	EndGlobalSection
	GlobalSection(SolutionProperties) = preSolution
		HideSolutionNode = FALSE
	EndGlobalSection
	GlobalSection(ExtensibilityGlobals) = postSolution
		SolutionGuid = {5FA1599D-C8CC-4413-A69F-5E9E47C7A5B5}
	EndGlobalSection
EndGlobal
